
Microsoft Visual Studio Solution File, Format Version 12.00
# Visual Studio 2013
VisualStudioVersion = 12.0.21005.1
MinimumVisualStudioVersion = 10.0.40219.1
Project("{FAE04EC0-301F-11D3-BF4B-00C04F79EFBC}") = "Problem6App", "Problem6App\Problem6App.csproj", "{999620F6-8344-4E88-B5DD-45B7D9B1709D}"
EndProject
Global
	GlobalSection(SolutionConfigurationPlatforms) = preSolution
		Debug|Any CPU = Debug|Any CPU
		Release|Any CPU = Release|Any CPU
	EndGlobalSection
	GlobalSection(ProjectConfigurationPlatforms) = postSolution
		{999620F6-8344-4E88-B5DD-45B7D9B1709D}.Debug|Any CPU.ActiveCfg = Debug|Any CPU
		{999620F6-8344-4E88-B5DD-45B7D9B1709D}.Debug|Any CPU.Build.0 = Debug|Any CPU
		{999620F6-8344-4E88-B5DD-45B7D9B1709D}.Release|Any CPU.ActiveCfg = Release|Any CPU
		{999620F6-8344-4E88-B5DD-45B7D9B1709D}.Release|Any CPU.Build.0 = Release|Any CPU
	EndGlobalSection
	GlobalSection(SolutionProperties) = preSolution
		HideSolutionNode = FALSE
	EndGlobalSection
EndGlobal
